<?xml version="1.0" encoding="utf-8"?>
<Project ToolsVersion="4.0" xmlns="http://schemas.microsoft.com/developer/msbuild/2003">
  <ItemGroup>
    <Filter Include="소스 파일">
      <UniqueIdentifier>{4FC737F1-C7A5-4376-A066-2A32D752A2FF}</UniqueIdentifier>
      <Extensions>cpp;c;cc;cxx;def;odl;idl;hpj;bat;asm;asmx</Extensions>
    </Filter>
    <Filter Include="헤더 파일">
      <UniqueIdentifier>{93995380-89BD-4b04-88EB-625FBE52EBFB}</UniqueIdentifier>
      <Extensions>h;hh;hpp;hxx;hm;inl;inc;xsd</Extensions>
    </Filter>
    <Filter Include="리소스 파일">
      <UniqueIdentifier>{67DA6AB6-F800-4c08-8B7A-83BB121AAD01}</UniqueIdentifier>
      <Extensions>rc;ico;cur;bmp;dlg;rc2;rct;bin;rgs;gif;jpg;jpeg;jpe;resx;tiff;tif;png;wav;mfcribbon-ms</Extensions>
    </Filter>
  </ItemGroup>
  <ItemGroup>
    <Text Include="ReadMe.txt" />
  </ItemGroup>
  <ItemGroup>
    <ClInclude Include="MFCApplication3.h">
      <Filter>헤더 파일</Filter>
    </ClInclude>
    <ClInclude Include="stdafx.h">
      <Filter>헤더 파일</Filter>
    </ClInclude>
    <ClInclude Include="targetver.h">
      <Filter>헤더 파일</Filter>
    </ClInclude>
    <ClInclude Include="MainFrm.h">
      <Filter>헤더 파일</Filter>
    </ClInclude>
    <ClInclude Include="MFCApplication3Doc.h">
      <Filter>헤더 파일</Filter>
    </ClInclude>
    <ClInclude Include="MFCApplication3View.h">
      <Filter>헤더 파일</Filter>
    </ClInclude>
    <ClInclude Include="Resource.h">
      <Filter>헤더 파일</Filter>
    </ClInclude>
    <ClInclude Include="MenuView.h">
      <Filter>헤더 파일</Filter>
    </ClInclude>
    <ClInclude Include="ContentView.h">
      <Filter>헤더 파일</Filter>
    </ClInclude>
    <ClInclude Include="ManageOrder.h">
      <Filter>헤더 파일</Filter>
    </ClInclude>
    <ClInclude Include="NewOrder.h">
      <Filter>헤더 파일</Filter>
    </ClInclude>
    <ClInclude Include="ManageReturn.h">
      <Filter>헤더 파일</Filter>
    </ClInclude>
    <ClInclude Include="OrderConfirm.h">
      <Filter>헤더 파일</Filter>
    </ClInclude>
    <ClInclude Include="Login.h">
      <Filter>헤더 파일</Filter>
    </ClInclude>
    <ClInclude Include="EventDetail.h">
      <Filter>헤더 파일</Filter>
    </ClInclude>
    <ClInclude Include="InfoEmp.h">
      <Filter>헤더 파일</Filter>
    </ClInclude>
    <ClInclude Include="InfoProd.h">
      <Filter>헤더 파일</Filter>
    </ClInclude>
    <ClInclude Include="NewProd.h">
      <Filter>헤더 파일</Filter>
    </ClInclude>
    <ClInclude Include="NewWorkTime.h">
      <Filter>헤더 파일</Filter>
    </ClInclude>
    <ClInclude Include="NewEmp.h">
      <Filter>헤더 파일</Filter>
    </ClInclude>
    <ClInclude Include="NewEvent.h">
      <Filter>헤더 파일</Filter>
    </ClInclude>
    <ClInclude Include="NewSortCode.h">
      <Filter>헤더 파일</Filter>
    </ClInclude>
    <ClInclude Include="EmpSalary.h">
      <Filter>헤더 파일</Filter>
    </ClInclude>
    <ClInclude Include="CodeList.h">
      <Filter>헤더 파일</Filter>
    </ClInclude>
    <ClInclude Include="ManageAsset.h">
      <Filter>헤더 파일</Filter>
    </ClInclude>
    <ClInclude Include="ManageWage.h">
      <Filter>헤더 파일</Filter>
    </ClInclude>
    <ClInclude Include="NewSale.h">
      <Filter>헤더 파일</Filter>
    </ClInclude>
    <ClInclude Include="NewCost.h">
      <Filter>헤더 파일</Filter>
    </ClInclude>
    <ClInclude Include="SaleDetail.h">
      <Filter>헤더 파일</Filter>
    </ClInclude>
    <ClInclude Include="NewDisuse.h">
      <Filter>헤더 파일</Filter>
    </ClInclude>
    <ClInclude Include="InfoDisuse.h">
      <Filter>헤더 파일</Filter>
    </ClInclude>
    <ClInclude Include="NewCustomer.h">
      <Filter>헤더 파일</Filter>
    </ClInclude>
  </ItemGroup>
  <ItemGroup>
    <ClCompile Include="MFCApplication3.cpp">
      <Filter>소스 파일</Filter>
    </ClCompile>
    <ClCompile Include="stdafx.cpp">
      <Filter>소스 파일</Filter>
    </ClCompile>
    <ClCompile Include="MainFrm.cpp">
      <Filter>소스 파일</Filter>
    </ClCompile>
    <ClCompile Include="MFCApplication3Doc.cpp">
      <Filter>소스 파일</Filter>
    </ClCompile>
    <ClCompile Include="MFCApplication3View.cpp">
      <Filter>소스 파일</Filter>
    </ClCompile>
    <ClCompile Include="MenuView.cpp">
      <Filter>소스 파일</Filter>
    </ClCompile>
    <ClCompile Include="ContentView.cpp">
      <Filter>소스 파일</Filter>
    </ClCompile>
    <ClCompile Include="ManageOrder.cpp">
      <Filter>소스 파일</Filter>
    </ClCompile>
    <ClCompile Include="NewOrder.cpp">
      <Filter>소스 파일</Filter>
    </ClCompile>
    <ClCompile Include="ManageReturn.cpp">
      <Filter>소스 파일</Filter>
    </ClCompile>
    <ClCompile Include="OrderConfirm.cpp">
      <Filter>소스 파일</Filter>
    </ClCompile>
    <ClCompile Include="Login.cpp">
      <Filter>소스 파일</Filter>
    </ClCompile>
    <ClCompile Include="EventDetail.cpp">
      <Filter>소스 파일</Filter>
    </ClCompile>
    <ClCompile Include="InfoEmp.cpp">
      <Filter>소스 파일</Filter>
    </ClCompile>
    <ClCompile Include="InfoProd.cpp">
      <Filter>소스 파일</Filter>
    </ClCompile>
    <ClCompile Include="NewProd.cpp">
      <Filter>소스 파일</Filter>
    </ClCompile>
    <ClCompile Include="NewWorkTime.cpp">
      <Filter>소스 파일</Filter>
    </ClCompile>
    <ClCompile Include="NewEmp.cpp">
      <Filter>소스 파일</Filter>
    </ClCompile>
    <ClCompile Include="NewEvent.cpp">
      <Filter>소스 파일</Filter>
    </ClCompile>
    <ClCompile Include="NewSortCode.cpp">
      <Filter>소스 파일</Filter>
    </ClCompile>
    <ClCompile Include="EmpSalary.cpp">
      <Filter>소스 파일</Filter>
    </ClCompile>
    <ClCompile Include="CodeList.cpp">
      <Filter>소스 파일</Filter>
    </ClCompile>
    <ClCompile Include="ManageAsset.cpp">
      <Filter>소스 파일</Filter>
    </ClCompile>
    <ClCompile Include="ManageWage.cpp">
      <Filter>소스 파일</Filter>
    </ClCompile>
    <ClCompile Include="NewSale.cpp">
      <Filter>소스 파일</Filter>
    </ClCompile>
    <ClCompile Include="NewCost.cpp">
      <Filter>소스 파일</Filter>
    </ClCompile>
    <ClCompile Include="SaleDetail.cpp">
      <Filter>소스 파일</Filter>
    </ClCompile>
    <ClCompile Include="NewDisuse.cpp">
      <Filter>소스 파일</Filter>
    </ClCompile>
    <ClCompile Include="InfoDisuse.cpp">
      <Filter>소스 파일</Filter>
    </ClCompile>
    <ClCompile Include="NewCustomer.cpp">
      <Filter>소스 파일</Filter>
    </ClCompile>
  </ItemGroup>
  <ItemGroup>
    <ResourceCompile Include="MFCApplication3.rc">
      <Filter>리소스 파일</Filter>
    </ResourceCompile>
  </ItemGroup>
  <ItemGroup>
    <None Include="res\MFCApplication3.rc2">
      <Filter>리소스 파일</Filter>
    </None>
    <None Include="ClassDiagram.cd" />
  </ItemGroup>
  <ItemGroup>
    <Image Include="res\MFCApplication3Doc.ico">
      <Filter>리소스 파일</Filter>
    </Image>
    <Image Include="res\MFCApplication3.ico">
      <Filter>리소스 파일</Filter>
    </Image>
    <Image Include="res\Toolbar.bmp">
      <Filter>리소스 파일</Filter>
    </Image>
    <Image Include="res\bitmap1.bmp">
      <Filter>리소스 파일</Filter>
    </Image>
    <Image Include="C:\Users\그램\Pictures\image_logo.bmp">
      <Filter>리소스 파일</Filter>
    </Image>
  </ItemGroup>
</Project>